
Microsoft Visual Studio Solution File, Format Version 12.00
# Visual Studio Version 16
VisualStudioVersion = 16.0.30002.166
MinimumVisualStudioVersion = 10.0.40219.1
Project("{FAE04EC0-301F-11D3-BF4B-00C04F79EFBC}") = "WpfSimpleNavi", "WpfSimpleNavi\WpfSimpleNavi.csproj", "{8703C8D9-F988-40C9-A96B-49B17EC747F4}"
EndProject
Project("{FAE04EC0-301F-11D3-BF4B-00C04F79EFBC}") = "SampleApp", "SampleApp\SampleApp.csproj", "{121ABE80-4BB0-43A5-95BB-99921462B3BB}"
EndProject
Global
	GlobalSection(SolutionConfigurationPlatforms) = preSolution
		Debug|Any CPU = Debug|Any CPU
		Release|Any CPU = Release|Any CPU
	EndGlobalSection
	GlobalSection(ProjectConfigurationPlatforms) = postSolution
		{8703C8D9-F988-40C9-A96B-49B17EC747F4}.Debug|Any CPU.ActiveCfg = Debug|Any CPU
		{8703C8D9-F988-40C9-A96B-49B17EC747F4}.Debug|Any CPU.Build.0 = Debug|Any CPU
		{8703C8D9-F988-40C9-A96B-49B17EC747F4}.Release|Any CPU.ActiveCfg = Release|Any CPU
		{8703C8D9-F988-40C9-A96B-49B17EC747F4}.Release|Any CPU.Build.0 = Release|Any CPU
		{121ABE80-4BB0-43A5-95BB-99921462B3BB}.Debug|Any CPU.ActiveCfg = Debug|Any CPU
		{121ABE80-4BB0-43A5-95BB-99921462B3BB}.Debug|Any CPU.Build.0 = Debug|Any CPU
		{121ABE80-4BB0-43A5-95BB-99921462B3BB}.Release|Any CPU.ActiveCfg = Release|Any CPU
		{121ABE80-4BB0-43A5-95BB-99921462B3BB}.Release|Any CPU.Build.0 = Release|Any CPU
	EndGlobalSection
	GlobalSection(SolutionProperties) = preSolution
		HideSolutionNode = FALSE
	EndGlobalSection
	GlobalSection(ExtensibilityGlobals) = postSolution
		SolutionGuid = {5B375A11-D5FA-4BD2-890D-C9818BC27440}
	EndGlobalSection
EndGlobal
